
Microsoft Visual Studio Solution File, Format Version 12.00
# Visual Studio Version 17
VisualStudioVersion = 17.11.35312.102
MinimumVisualStudioVersion = 10.0.40219.1
Project("{FAE04EC0-301F-11D3-BF4B-00C04F79EFBC}") = "WebApiGit", "WebApiGit\WebApiGit.csproj", "{5FEC4FD0-8870-44D1-9AC7-463538D7BE5A}"
EndProject
Global
	GlobalSection(SolutionConfigurationPlatforms) = preSolution
		Debug|Any CPU = Debug|Any CPU
		Release|Any CPU = Release|Any CPU
	EndGlobalSection
	GlobalSection(ProjectConfigurationPlatforms) = postSolution
		{5FEC4FD0-8870-44D1-9AC7-463538D7BE5A}.Debug|Any CPU.ActiveCfg = Debug|Any CPU
		{5FEC4FD0-8870-44D1-9AC7-463538D7BE5A}.Debug|Any CPU.Build.0 = Debug|Any CPU
		{5FEC4FD0-8870-44D1-9AC7-463538D7BE5A}.Release|Any CPU.ActiveCfg = Release|Any CPU
		{5FEC4FD0-8870-44D1-9AC7-463538D7BE5A}.Release|Any CPU.Build.0 = Release|Any CPU
	EndGlobalSection
	GlobalSection(SolutionProperties) = preSolution
		HideSolutionNode = FALSE
	EndGlobalSection
	GlobalSection(ExtensibilityGlobals) = postSolution
		SolutionGuid = {C61515AC-CB61-4E56-8081-FE187ADC14E2}
	EndGlobalSection
EndGlobal
